
Microsoft Visual Studio Solution File, Format Version 12.00
# Visual Studio Version 17
VisualStudioVersion = 17.4.33122.133
MinimumVisualStudioVersion = 10.0.40219.1
Project("{FAE04EC0-301F-11D3-BF4B-00C04F79EFBC}") = "Escola.API", "Escola.API\Escola.API.csproj", "{B07CFF4D-CC20-40CB-8714-54C1BC483673}"
EndProject
Global
	GlobalSection(SolutionConfigurationPlatforms) = preSolution
		Debug|Any CPU = Debug|Any CPU
		Release|Any CPU = Release|Any CPU
	EndGlobalSection
	GlobalSection(ProjectConfigurationPlatforms) = postSolution
		{B07CFF4D-CC20-40CB-8714-54C1BC483673}.Debug|Any CPU.ActiveCfg = Debug|Any CPU
		{B07CFF4D-CC20-40CB-8714-54C1BC483673}.Debug|Any CPU.Build.0 = Debug|Any CPU
		{B07CFF4D-CC20-40CB-8714-54C1BC483673}.Release|Any CPU.ActiveCfg = Release|Any CPU
		{B07CFF4D-CC20-40CB-8714-54C1BC483673}.Release|Any CPU.Build.0 = Release|Any CPU
	EndGlobalSection
	GlobalSection(SolutionProperties) = preSolution
		HideSolutionNode = FALSE
	EndGlobalSection
	GlobalSection(ExtensibilityGlobals) = postSolution
		SolutionGuid = {8FF3E309-C64A-4148-AEB5-43473A48159B}
	EndGlobalSection
EndGlobal
